
Microsoft Visual Studio Solution File, Format Version 12.00
# Visual Studio Version 16
VisualStudioVersion = 16.0.30225.117
MinimumVisualStudioVersion = 10.0.40219.1
Project("{8BC9CEB8-8B4A-11D0-8D11-00A0C91BC942}") = "Study_Pointer", "Study_Pointer\Study_Pointer.vcxproj", "{771F9B5C-E743-4A1A-BE6E-E2850FD18829}"
EndProject
Global
	GlobalSection(SolutionConfigurationPlatforms) = preSolution
		Debug|x64 = Debug|x64
		Debug|x86 = Debug|x86
		Release|x64 = Release|x64
		Release|x86 = Release|x86
	EndGlobalSection
	GlobalSection(ProjectConfigurationPlatforms) = postSolution
		{771F9B5C-E743-4A1A-BE6E-E2850FD18829}.Debug|x64.ActiveCfg = Debug|x64
		{771F9B5C-E743-4A1A-BE6E-E2850FD18829}.Debug|x64.Build.0 = Debug|x64
		{771F9B5C-E743-4A1A-BE6E-E2850FD18829}.Debug|x86.ActiveCfg = Debug|Win32
		{771F9B5C-E743-4A1A-BE6E-E2850FD18829}.Debug|x86.Build.0 = Debug|Win32
		{771F9B5C-E743-4A1A-BE6E-E2850FD18829}.Release|x64.ActiveCfg = Release|x64
		{771F9B5C-E743-4A1A-BE6E-E2850FD18829}.Release|x64.Build.0 = Release|x64
		{771F9B5C-E743-4A1A-BE6E-E2850FD18829}.Release|x86.ActiveCfg = Release|Win32
		{771F9B5C-E743-4A1A-BE6E-E2850FD18829}.Release|x86.Build.0 = Release|Win32
	EndGlobalSection
	GlobalSection(SolutionProperties) = preSolution
		HideSolutionNode = FALSE
	EndGlobalSection
	GlobalSection(ExtensibilityGlobals) = postSolution
		SolutionGuid = {489E2D9C-F093-4B31-B693-C94A32260FED}
	EndGlobalSection
EndGlobal
